Microsoft Visual Studio Solution File, Format Version 9.00
# Visual Studio 2005
Project("{FAE04EC0-301F-11D3-BF4B-00C04F79EFBC}") = "InternetTime", "InternetTime.csproj", "{C0AFA505-77D5-44FE-A072-3698AB721DAA}"
EndProject
Global
	GlobalSection(SolutionConfigurationPlatforms) = preSolution
		Debug|Any CPU = Debug|Any CPU
		Release|Any CPU = Release|Any CPU
	EndGlobalSection
	GlobalSection(ProjectConfigurationPlatforms) = postSolution
		{C0AFA505-77D5-44FE-A072-3698AB721DAA}.Debug|Any CPU.ActiveCfg = Debug|Any CPU
		{C0AFA505-77D5-44FE-A072-3698AB721DAA}.Debug|Any CPU.Build.0 = Debug|Any CPU
		{C0AFA505-77D5-44FE-A072-3698AB721DAA}.Release|Any CPU.ActiveCfg = Release|Any CPU
		{C0AFA505-77D5-44FE-A072-3698AB721DAA}.Release|Any CPU.Build.0 = Release|Any CPU
	EndGlobalSection
	GlobalSection(SolutionProperties) = preSolution
		HideSolutionNode = FALSE
	EndGlobalSection
EndGlobal
